
Microsoft Visual Studio Solution File, Format Version 12.00
Project("{2150E333-8FDC-42A3-9474-1A3956D46DE8}") = "MyApp.Common", "MyApp.Common", "{1DDC5EA9-2866-4642-847F-0635BEA08ABA}"
EndProject
Project("{2150E333-8FDC-42A3-9474-1A3956D46DE8}") = "MyApp.Data", "MyApp.Data", "{5E309986-9424-426E-9620-25290540B125}"
EndProject
Project("{2150E333-8FDC-42A3-9474-1A3956D46DE8}") = "MyApp.Services", "MyApp.Services", "{2D4EBB56-7496-4292-8A62-0EC85078F1C4}"
EndProject
Project("{2150E333-8FDC-42A3-9474-1A3956D46DE8}") = "MyApp.Tests", "MyApp.Tests", "{AAFE7F56-7EB0-4114-9140-A66136A2EF4A}"
EndProject
Project("{2150E333-8FDC-42A3-9474-1A3956D46DE8}") = "MyApp.Web", "MyApp.Web", "{852E65B8-36D7-46CB-8EC6-CCCC5C8308B9}"
EndProject
Project("{FAE04EC0-301F-11D3-BF4B-00C04F79EFBC}") = "MyApp.Common.UtilityConstants", "MyApp.Common.UtilityConstants\MyApp.Common.UtilityConstants.csproj", "{41DA8E23-AF8F-4BB7-8B18-D316C95B344B}"
EndProject
Project("{FAE04EC0-301F-11D3-BF4B-00C04F79EFBC}") = "MyApp.Common.ValidationConstants", "MyApp.Common.ValidationConstants\MyApp.Common.ValidationConstants.csproj", "{E307A4BD-C068-43AC-BC8C-417468199DC2}"
EndProject
Project("{FAE04EC0-301F-11D3-BF4B-00C04F79EFBC}") = "MyApp.Data.Database", "MyApp.Data.Database\MyApp.Data.Database.csproj", "{C3AEF577-FC0A-46F5-855F-81EEEBF6876E}"
EndProject
Project("{FAE04EC0-301F-11D3-BF4B-00C04F79EFBC}") = "MyApp.Data.DataModels", "MyApp.Data.DataModels\MyApp.Data.DataModels.csproj", "{349895B7-5428-491A-8129-779EBA9565A1}"
EndProject
Project("{FAE04EC0-301F-11D3-BF4B-00C04F79EFBC}") = "MyApp.Services.Abstractions", "MyApp.Services.Abstractions\MyApp.Services.Abstractions.csproj", "{FE4BF800-056C-48FD-9958-80AF9C45ECA7}"
EndProject
Project("{FAE04EC0-301F-11D3-BF4B-00C04F79EFBC}") = "MyApp.Services.CoreServices", "MyApp.Services.CoreServices\MyApp.Services.CoreServices.csproj", "{11BC0055-55FC-450E-B5E1-512BBD35CA93}"
EndProject
Project("{FAE04EC0-301F-11D3-BF4B-00C04F79EFBC}") = "MyApp.Services.DataServices", "MyApp.Services.DataServices\MyApp.Services.DataServices.csproj", "{165BB2EF-0520-4F10-B5B4-6947DB0095F1}"
EndProject
Project("{FAE04EC0-301F-11D3-BF4B-00C04F79EFBC}") = "MyApp.Services.PresentationServices", "MyApp.Services.PresentationServices\MyApp.Services.PresentationServices.csproj", "{C48C54B8-9B48-432B-9AB3-9FB149B35D23}"
EndProject
Project("{FAE04EC0-301F-11D3-BF4B-00C04F79EFBC}") = "MyApp.Services.UtilityServices", "MyApp.Services.UtilityServices\MyApp.Services.UtilityServices.csproj", "{4AC9220C-211E-47FD-AF2F-802FF3ECAF67}"
EndProject
Project("{FAE04EC0-301F-11D3-BF4B-00C04F79EFBC}") = "MyApp.Tests", "MyApp.Tests\MyApp.Tests.csproj", "{50904E6D-1189-467F-99F4-F6600D52E24F}"
EndProject
Project("{FAE04EC0-301F-11D3-BF4B-00C04F79EFBC}") = "MyApp.Web.ViewModels", "MyApp.Web.ViewModels\MyApp.Web.ViewModels.csproj", "{3EFEEA0E-4AEA-4D4D-9D69-E1529B8227FF}"
EndProject
Project("{FAE04EC0-301F-11D3-BF4B-00C04F79EFBC}") = "MyApp.Web.Application", "MyApp.Web.Application\MyApp.Web.Application.csproj", "{3E8FDFDC-E5D4-438B-A251-78793186966C}"
EndProject
Global
	GlobalSection(SolutionConfigurationPlatforms) = preSolution
		Debug|Any CPU = Debug|Any CPU
		Release|Any CPU = Release|Any CPU
	EndGlobalSection
	GlobalSection(NestedProjects) = preSolution
		{41DA8E23-AF8F-4BB7-8B18-D316C95B344B} = {1DDC5EA9-2866-4642-847F-0635BEA08ABA}
		{E307A4BD-C068-43AC-BC8C-417468199DC2} = {1DDC5EA9-2866-4642-847F-0635BEA08ABA}
		{C3AEF577-FC0A-46F5-855F-81EEEBF6876E} = {5E309986-9424-426E-9620-25290540B125}
		{349895B7-5428-491A-8129-779EBA9565A1} = {5E309986-9424-426E-9620-25290540B125}
		{FE4BF800-056C-48FD-9958-80AF9C45ECA7} = {2D4EBB56-7496-4292-8A62-0EC85078F1C4}
		{11BC0055-55FC-450E-B5E1-512BBD35CA93} = {2D4EBB56-7496-4292-8A62-0EC85078F1C4}
		{165BB2EF-0520-4F10-B5B4-6947DB0095F1} = {2D4EBB56-7496-4292-8A62-0EC85078F1C4}
		{C48C54B8-9B48-432B-9AB3-9FB149B35D23} = {2D4EBB56-7496-4292-8A62-0EC85078F1C4}
		{4AC9220C-211E-47FD-AF2F-802FF3ECAF67} = {2D4EBB56-7496-4292-8A62-0EC85078F1C4}
		{50904E6D-1189-467F-99F4-F6600D52E24F} = {AAFE7F56-7EB0-4114-9140-A66136A2EF4A}
		{3EFEEA0E-4AEA-4D4D-9D69-E1529B8227FF} = {852E65B8-36D7-46CB-8EC6-CCCC5C8308B9}
		{3E8FDFDC-E5D4-438B-A251-78793186966C} = {852E65B8-36D7-46CB-8EC6-CCCC5C8308B9}
	EndGlobalSection
	GlobalSection(ProjectConfigurationPlatforms) = postSolution
		{41DA8E23-AF8F-4BB7-8B18-D316C95B344B}.Debug|Any CPU.ActiveCfg = Debug|Any CPU
		{41DA8E23-AF8F-4BB7-8B18-D316C95B344B}.Debug|Any CPU.Build.0 = Debug|Any CPU
		{41DA8E23-AF8F-4BB7-8B18-D316C95B344B}.Release|Any CPU.ActiveCfg = Release|Any CPU
		{41DA8E23-AF8F-4BB7-8B18-D316C95B344B}.Release|Any CPU.Build.0 = Release|Any CPU
		{E307A4BD-C068-43AC-BC8C-417468199DC2}.Debug|Any CPU.ActiveCfg = Debug|Any CPU
		{E307A4BD-C068-43AC-BC8C-417468199DC2}.Debug|Any CPU.Build.0 = Debug|Any CPU
		{E307A4BD-C068-43AC-BC8C-417468199DC2}.Release|Any CPU.ActiveCfg = Release|Any CPU
		{E307A4BD-C068-43AC-BC8C-417468199DC2}.Release|Any CPU.Build.0 = Release|Any CPU
		{C3AEF577-FC0A-46F5-855F-81EEEBF6876E}.Debug|Any CPU.ActiveCfg = Debug|Any CPU
		{C3AEF577-FC0A-46F5-855F-81EEEBF6876E}.Debug|Any CPU.Build.0 = Debug|Any CPU
		{C3AEF577-FC0A-46F5-855F-81EEEBF6876E}.Release|Any CPU.ActiveCfg = Release|Any CPU
		{C3AEF577-FC0A-46F5-855F-81EEEBF6876E}.Release|Any CPU.Build.0 = Release|Any CPU
		{349895B7-5428-491A-8129-779EBA9565A1}.Debug|Any CPU.ActiveCfg = Debug|Any CPU
		{349895B7-5428-491A-8129-779EBA9565A1}.Debug|Any CPU.Build.0 = Debug|Any CPU
		{349895B7-5428-491A-8129-779EBA9565A1}.Release|Any CPU.ActiveCfg = Release|Any CPU
		{349895B7-5428-491A-8129-779EBA9565A1}.Release|Any CPU.Build.0 = Release|Any CPU
		{FE4BF800-056C-48FD-9958-80AF9C45ECA7}.Debug|Any CPU.ActiveCfg = Debug|Any CPU
		{FE4BF800-056C-48FD-9958-80AF9C45ECA7}.Debug|Any CPU.Build.0 = Debug|Any CPU
		{FE4BF800-056C-48FD-9958-80AF9C45ECA7}.Release|Any CPU.ActiveCfg = Release|Any CPU
		{FE4BF800-056C-48FD-9958-80AF9C45ECA7}.Release|Any CPU.Build.0 = Release|Any CPU
		{11BC0055-55FC-450E-B5E1-512BBD35CA93}.Debug|Any CPU.ActiveCfg = Debug|Any CPU
		{11BC0055-55FC-450E-B5E1-512BBD35CA93}.Debug|Any CPU.Build.0 = Debug|Any CPU
		{11BC0055-55FC-450E-B5E1-512BBD35CA93}.Release|Any CPU.ActiveCfg = Release|Any CPU
		{11BC0055-55FC-450E-B5E1-512BBD35CA93}.Release|Any CPU.Build.0 = Release|Any CPU
		{165BB2EF-0520-4F10-B5B4-6947DB0095F1}.Debug|Any CPU.ActiveCfg = Debug|Any CPU
		{165BB2EF-0520-4F10-B5B4-6947DB0095F1}.Debug|Any CPU.Build.0 = Debug|Any CPU
		{165BB2EF-0520-4F10-B5B4-6947DB0095F1}.Release|Any CPU.ActiveCfg = Release|Any CPU
		{165BB2EF-0520-4F10-B5B4-6947DB0095F1}.Release|Any CPU.Build.0 = Release|Any CPU
		{C48C54B8-9B48-432B-9AB3-9FB149B35D23}.Debug|Any CPU.ActiveCfg = Debug|Any CPU
		{C48C54B8-9B48-432B-9AB3-9FB149B35D23}.Debug|Any CPU.Build.0 = Debug|Any CPU
		{C48C54B8-9B48-432B-9AB3-9FB149B35D23}.Release|Any CPU.ActiveCfg = Release|Any CPU
		{C48C54B8-9B48-432B-9AB3-9FB149B35D23}.Release|Any CPU.Build.0 = Release|Any CPU
		{4AC9220C-211E-47FD-AF2F-802FF3ECAF67}.Debug|Any CPU.ActiveCfg = Debug|Any CPU
		{4AC9220C-211E-47FD-AF2F-802FF3ECAF67}.Debug|Any CPU.Build.0 = Debug|Any CPU
		{4AC9220C-211E-47FD-AF2F-802FF3ECAF67}.Release|Any CPU.ActiveCfg = Release|Any CPU
		{4AC9220C-211E-47FD-AF2F-802FF3ECAF67}.Release|Any CPU.Build.0 = Release|Any CPU
		{50904E6D-1189-467F-99F4-F6600D52E24F}.Debug|Any CPU.ActiveCfg = Debug|Any CPU
		{50904E6D-1189-467F-99F4-F6600D52E24F}.Debug|Any CPU.Build.0 = Debug|Any CPU
		{50904E6D-1189-467F-99F4-F6600D52E24F}.Release|Any CPU.ActiveCfg = Release|Any CPU
		{50904E6D-1189-467F-99F4-F6600D52E24F}.Release|Any CPU.Build.0 = Release|Any CPU
		{3EFEEA0E-4AEA-4D4D-9D69-E1529B8227FF}.Debug|Any CPU.ActiveCfg = Debug|Any CPU
		{3EFEEA0E-4AEA-4D4D-9D69-E1529B8227FF}.Debug|Any CPU.Build.0 = Debug|Any CPU
		{3EFEEA0E-4AEA-4D4D-9D69-E1529B8227FF}.Release|Any CPU.ActiveCfg = Release|Any CPU
		{3EFEEA0E-4AEA-4D4D-9D69-E1529B8227FF}.Release|Any CPU.Build.0 = Release|Any CPU
		{3E8FDFDC-E5D4-438B-A251-78793186966C}.Debug|Any CPU.ActiveCfg = Debug|Any CPU
		{3E8FDFDC-E5D4-438B-A251-78793186966C}.Debug|Any CPU.Build.0 = Debug|Any CPU
		{3E8FDFDC-E5D4-438B-A251-78793186966C}.Release|Any CPU.ActiveCfg = Release|Any CPU
		{3E8FDFDC-E5D4-438B-A251-78793186966C}.Release|Any CPU.Build.0 = Release|Any CPU
	EndGlobalSection
EndGlobal
