
Microsoft Visual Studio Solution File, Format Version 12.00
Project("{FAE04EC0-301F-11D3-BF4B-00C04F79EFBC}") = "MyApp", "MyApp\MyApp.csproj", "{BD7D099B-A78D-4B20-8AA0-E69FA79D664B}"
EndProject
Project("{2150E333-8FDC-42A3-9474-1A3956D46DE8}") = "MyApp.Common", "MyApp.Common", "{0792F69A-7061-4A01-817F-12C3ADF7FCC7}"
EndProject
Project("{FAE04EC0-301F-11D3-BF4B-00C04F79EFBC}") = "MyApp.Common.ValidationConstants", "MyApp.Common.ValidationConstants\MyApp.Common.ValidationConstants.csproj", "{9418EC21-452C-4AC3-B31C-B4670616EAC3}"
EndProject
Project("{FAE04EC0-301F-11D3-BF4B-00C04F79EFBC}") = "MyApp.Common.UtilityConstants", "MyApp.Common.UtilityConstants\MyApp.Common.UtilityConstants.csproj", "{BDB70EB5-BDAC-4C35-9DE9-DF167E19BBC2}"
EndProject
Project("{2150E333-8FDC-42A3-9474-1A3956D46DE8}") = "MyApp.Data", "MyApp.Data", "{628FF3CF-4CAC-4BD1-B577-B29BED211635}"
EndProject
Project("{2150E333-8FDC-42A3-9474-1A3956D46DE8}") = "MyApp.Services", "MyApp.Services", "{95BF0C08-C845-4C32-BC2A-3958439B4342}"
EndProject
Project("{2150E333-8FDC-42A3-9474-1A3956D46DE8}") = "MyApp.Tests", "MyApp.Tests", "{B6513D4F-762A-42BD-8EAC-A823CD020921}"
EndProject
Project("{2150E333-8FDC-42A3-9474-1A3956D46DE8}") = "MyApp.Web", "MyApp.Web", "{D61869F1-CFA2-4964-8529-4E746432D18E}"
EndProject
Project("{FAE04EC0-301F-11D3-BF4B-00C04F79EFBC}") = "MyApp.Data.Database", "MyApp.Data.Database\MyApp.Data.Database.csproj", "{E27CF77A-9105-42A9-8B34-3B5D289797E1}"
EndProject
Project("{FAE04EC0-301F-11D3-BF4B-00C04F79EFBC}") = "MyApp.Data.DataModels", "MyApp.Data.DataModels\MyApp.Data.DataModels.csproj", "{BA708175-CF92-4495-996A-93DD3C712EAE}"
EndProject
Project("{FAE04EC0-301F-11D3-BF4B-00C04F79EFBC}") = "MyApp.Services.CoreServices", "MyApp.Services.CoreServices\MyApp.Services.CoreServices.csproj", "{EC82C008-467A-4E4A-B93A-20B2931A9931}"
EndProject
Project("{FAE04EC0-301F-11D3-BF4B-00C04F79EFBC}") = "MyApp.Services.DataServices", "MyApp.Services.DataServices\MyApp.Services.DataServices.csproj", "{BC9D3D72-FB00-47B2-B2F8-F418EE12B4F4}"
EndProject
Project("{FAE04EC0-301F-11D3-BF4B-00C04F79EFBC}") = "MyApp.Services.PresentationServices", "MyApp.Services.PresentationServices\MyApp.Services.PresentationServices.csproj", "{9103CBF5-DDF8-4F68-961D-EBA1F62D0485}"
EndProject
Project("{FAE04EC0-301F-11D3-BF4B-00C04F79EFBC}") = "MyApp.Services.UtilityServices", "MyApp.Services.UtilityServices\MyApp.Services.UtilityServices.csproj", "{5B114E01-AA32-4AED-B3F0-601186F05F79}"
EndProject
Project("{FAE04EC0-301F-11D3-BF4B-00C04F79EFBC}") = "MyApp.Services.Abstractions", "MyApp.Services.Abstractions\MyApp.Services.Abstractions.csproj", "{FBACAF0B-3887-4281-9E6F-41CD0C898F5B}"
EndProject
Project("{FAE04EC0-301F-11D3-BF4B-00C04F79EFBC}") = "MyApp.Web.ViewModels", "MyApp.Web.ViewModels\MyApp.Web.ViewModels.csproj", "{657AD6AE-20E4-4817-84F9-6B08EA849446}"
EndProject
Project("{FAE04EC0-301F-11D3-BF4B-00C04F79EFBC}") = "MyApp.Tests", "MyApp.Tests\MyApp.Tests.csproj", "{FFF5DD9D-68CE-4E35-9B69-B6809EA3F827}"
EndProject
Project("{2150E333-8FDC-42A3-9474-1A3956D46DE8}") = ".template.config", ".template.config", "{14FD06A9-F071-4944-9DB6-229CAC477CE4}"
	ProjectSection(SolutionItems) = preProject
		template.json = template.json
	EndProjectSection
EndProject
Global
	GlobalSection(SolutionConfigurationPlatforms) = preSolution
		Debug|Any CPU = Debug|Any CPU
		Release|Any CPU = Release|Any CPU
	EndGlobalSection
	GlobalSection(ProjectConfigurationPlatforms) = postSolution
		{BD7D099B-A78D-4B20-8AA0-E69FA79D664B}.Debug|Any CPU.ActiveCfg = Debug|Any CPU
		{BD7D099B-A78D-4B20-8AA0-E69FA79D664B}.Debug|Any CPU.Build.0 = Debug|Any CPU
		{BD7D099B-A78D-4B20-8AA0-E69FA79D664B}.Release|Any CPU.ActiveCfg = Release|Any CPU
		{BD7D099B-A78D-4B20-8AA0-E69FA79D664B}.Release|Any CPU.Build.0 = Release|Any CPU
		{9418EC21-452C-4AC3-B31C-B4670616EAC3}.Debug|Any CPU.ActiveCfg = Debug|Any CPU
		{9418EC21-452C-4AC3-B31C-B4670616EAC3}.Debug|Any CPU.Build.0 = Debug|Any CPU
		{9418EC21-452C-4AC3-B31C-B4670616EAC3}.Release|Any CPU.ActiveCfg = Release|Any CPU
		{9418EC21-452C-4AC3-B31C-B4670616EAC3}.Release|Any CPU.Build.0 = Release|Any CPU
		{BDB70EB5-BDAC-4C35-9DE9-DF167E19BBC2}.Debug|Any CPU.ActiveCfg = Debug|Any CPU
		{BDB70EB5-BDAC-4C35-9DE9-DF167E19BBC2}.Debug|Any CPU.Build.0 = Debug|Any CPU
		{BDB70EB5-BDAC-4C35-9DE9-DF167E19BBC2}.Release|Any CPU.ActiveCfg = Release|Any CPU
		{BDB70EB5-BDAC-4C35-9DE9-DF167E19BBC2}.Release|Any CPU.Build.0 = Release|Any CPU
		{E27CF77A-9105-42A9-8B34-3B5D289797E1}.Debug|Any CPU.ActiveCfg = Debug|Any CPU
		{E27CF77A-9105-42A9-8B34-3B5D289797E1}.Debug|Any CPU.Build.0 = Debug|Any CPU
		{E27CF77A-9105-42A9-8B34-3B5D289797E1}.Release|Any CPU.ActiveCfg = Release|Any CPU
		{E27CF77A-9105-42A9-8B34-3B5D289797E1}.Release|Any CPU.Build.0 = Release|Any CPU
		{BA708175-CF92-4495-996A-93DD3C712EAE}.Debug|Any CPU.ActiveCfg = Debug|Any CPU
		{BA708175-CF92-4495-996A-93DD3C712EAE}.Debug|Any CPU.Build.0 = Debug|Any CPU
		{BA708175-CF92-4495-996A-93DD3C712EAE}.Release|Any CPU.ActiveCfg = Release|Any CPU
		{BA708175-CF92-4495-996A-93DD3C712EAE}.Release|Any CPU.Build.0 = Release|Any CPU
		{EC82C008-467A-4E4A-B93A-20B2931A9931}.Debug|Any CPU.ActiveCfg = Debug|Any CPU
		{EC82C008-467A-4E4A-B93A-20B2931A9931}.Debug|Any CPU.Build.0 = Debug|Any CPU
		{EC82C008-467A-4E4A-B93A-20B2931A9931}.Release|Any CPU.ActiveCfg = Release|Any CPU
		{EC82C008-467A-4E4A-B93A-20B2931A9931}.Release|Any CPU.Build.0 = Release|Any CPU
		{BC9D3D72-FB00-47B2-B2F8-F418EE12B4F4}.Debug|Any CPU.ActiveCfg = Debug|Any CPU
		{BC9D3D72-FB00-47B2-B2F8-F418EE12B4F4}.Debug|Any CPU.Build.0 = Debug|Any CPU
		{BC9D3D72-FB00-47B2-B2F8-F418EE12B4F4}.Release|Any CPU.ActiveCfg = Release|Any CPU
		{BC9D3D72-FB00-47B2-B2F8-F418EE12B4F4}.Release|Any CPU.Build.0 = Release|Any CPU
		{9103CBF5-DDF8-4F68-961D-EBA1F62D0485}.Debug|Any CPU.ActiveCfg = Debug|Any CPU
		{9103CBF5-DDF8-4F68-961D-EBA1F62D0485}.Debug|Any CPU.Build.0 = Debug|Any CPU
		{9103CBF5-DDF8-4F68-961D-EBA1F62D0485}.Release|Any CPU.ActiveCfg = Release|Any CPU
		{9103CBF5-DDF8-4F68-961D-EBA1F62D0485}.Release|Any CPU.Build.0 = Release|Any CPU
		{5B114E01-AA32-4AED-B3F0-601186F05F79}.Debug|Any CPU.ActiveCfg = Debug|Any CPU
		{5B114E01-AA32-4AED-B3F0-601186F05F79}.Debug|Any CPU.Build.0 = Debug|Any CPU
		{5B114E01-AA32-4AED-B3F0-601186F05F79}.Release|Any CPU.ActiveCfg = Release|Any CPU
		{5B114E01-AA32-4AED-B3F0-601186F05F79}.Release|Any CPU.Build.0 = Release|Any CPU
		{FBACAF0B-3887-4281-9E6F-41CD0C898F5B}.Debug|Any CPU.ActiveCfg = Debug|Any CPU
		{FBACAF0B-3887-4281-9E6F-41CD0C898F5B}.Debug|Any CPU.Build.0 = Debug|Any CPU
		{FBACAF0B-3887-4281-9E6F-41CD0C898F5B}.Release|Any CPU.ActiveCfg = Release|Any CPU
		{FBACAF0B-3887-4281-9E6F-41CD0C898F5B}.Release|Any CPU.Build.0 = Release|Any CPU
		{657AD6AE-20E4-4817-84F9-6B08EA849446}.Debug|Any CPU.ActiveCfg = Debug|Any CPU
		{657AD6AE-20E4-4817-84F9-6B08EA849446}.Debug|Any CPU.Build.0 = Debug|Any CPU
		{657AD6AE-20E4-4817-84F9-6B08EA849446}.Release|Any CPU.ActiveCfg = Release|Any CPU
		{657AD6AE-20E4-4817-84F9-6B08EA849446}.Release|Any CPU.Build.0 = Release|Any CPU
		{FFF5DD9D-68CE-4E35-9B69-B6809EA3F827}.Debug|Any CPU.ActiveCfg = Debug|Any CPU
		{FFF5DD9D-68CE-4E35-9B69-B6809EA3F827}.Debug|Any CPU.Build.0 = Debug|Any CPU
		{FFF5DD9D-68CE-4E35-9B69-B6809EA3F827}.Release|Any CPU.ActiveCfg = Release|Any CPU
		{FFF5DD9D-68CE-4E35-9B69-B6809EA3F827}.Release|Any CPU.Build.0 = Release|Any CPU
	EndGlobalSection
	GlobalSection(NestedProjects) = preSolution
		{9418EC21-452C-4AC3-B31C-B4670616EAC3} = {0792F69A-7061-4A01-817F-12C3ADF7FCC7}
		{BDB70EB5-BDAC-4C35-9DE9-DF167E19BBC2} = {0792F69A-7061-4A01-817F-12C3ADF7FCC7}
		{BD7D099B-A78D-4B20-8AA0-E69FA79D664B} = {D61869F1-CFA2-4964-8529-4E746432D18E}
		{E27CF77A-9105-42A9-8B34-3B5D289797E1} = {628FF3CF-4CAC-4BD1-B577-B29BED211635}
		{BA708175-CF92-4495-996A-93DD3C712EAE} = {628FF3CF-4CAC-4BD1-B577-B29BED211635}
		{EC82C008-467A-4E4A-B93A-20B2931A9931} = {95BF0C08-C845-4C32-BC2A-3958439B4342}
		{BC9D3D72-FB00-47B2-B2F8-F418EE12B4F4} = {95BF0C08-C845-4C32-BC2A-3958439B4342}
		{9103CBF5-DDF8-4F68-961D-EBA1F62D0485} = {95BF0C08-C845-4C32-BC2A-3958439B4342}
		{5B114E01-AA32-4AED-B3F0-601186F05F79} = {95BF0C08-C845-4C32-BC2A-3958439B4342}
		{FBACAF0B-3887-4281-9E6F-41CD0C898F5B} = {95BF0C08-C845-4C32-BC2A-3958439B4342}
		{657AD6AE-20E4-4817-84F9-6B08EA849446} = {D61869F1-CFA2-4964-8529-4E746432D18E}
		{FFF5DD9D-68CE-4E35-9B69-B6809EA3F827} = {B6513D4F-762A-42BD-8EAC-A823CD020921}
	EndGlobalSection
EndGlobal
