
Microsoft Visual Studio Solution File, Format Version 12.00
Project("{FAE04EC0-301F-11D3-BF4B-00C04F79EFBC}") = "MyApp", "MyApp\MyApp.csproj", "{1205863A-B804-4304-97A9-AD35F18DEA7C}"
EndProject
Project("{2150E333-8FDC-42A3-9474-1A3956D46DE8}") = "MyApp.Common", "MyApp.Common", "{8FC94FB1-4F53-4474-B12E-32D206AC94E4}"
EndProject
Project("{2150E333-8FDC-42A3-9474-1A3956D46DE8}") = "MyApp.Data", "MyApp.Data", "{41B11FDF-DEC6-4C23-93F7-278F7F69B6A3}"
EndProject
Project("{2150E333-8FDC-42A3-9474-1A3956D46DE8}") = "MyApp.Services", "MyApp.Services", "{30EBF0A7-4E88-47A3-98BB-0D8235CEE60D}"
EndProject
Project("{2150E333-8FDC-42A3-9474-1A3956D46DE8}") = "MyApp.Tests", "MyApp.Tests", "{4BCF0A1A-98E4-4AD6-B033-483CEAC8AB8D}"
EndProject
Project("{2150E333-8FDC-42A3-9474-1A3956D46DE8}") = "MyApp.Web", "MyApp.Web", "{6FC9D2FB-6B21-4D55-8F09-93AB6B6C75FA}"
EndProject
Project("{FAE04EC0-301F-11D3-BF4B-00C04F79EFBC}") = "MyApp.Web.Tests", "MyApp.Web.Tests\MyApp.Web.Tests.csproj", "{4CD4D673-FF7D-4AC2-BD4A-841C009EA83D}"
EndProject
Project("{FAE04EC0-301F-11D3-BF4B-00C04F79EFBC}") = "MyApp.UtilityConstants", "MyApp.UtilityConstants\MyApp.UtilityConstants.csproj", "{0E3B95F3-6F56-4755-A25A-47FB33E8F630}"
EndProject
Project("{FAE04EC0-301F-11D3-BF4B-00C04F79EFBC}") = "MyApp.ValidationConstants", "MyApp.ValidationConstants\MyApp.ValidationConstants.csproj", "{39647554-226B-4719-AE84-838E54E7382B}"
EndProject
Project("{FAE04EC0-301F-11D3-BF4B-00C04F79EFBC}") = "MyApp.CoreServices", "MyApp.CoreServices\MyApp.CoreServices.csproj", "{45C7D170-E85F-47DE-A2A6-7AA9AC9B5947}"
EndProject
Project("{FAE04EC0-301F-11D3-BF4B-00C04F79EFBC}") = "MyApp.DataServices", "MyApp.DataServices\MyApp.DataServices.csproj", "{962A4E34-8172-4B7E-A2EA-6076FC6463AB}"
EndProject
Project("{FAE04EC0-301F-11D3-BF4B-00C04F79EFBC}") = "MyApp.PresentationServices", "MyApp.PresentationServices\MyApp.PresentationServices.csproj", "{3000570D-3B9B-4C71-A73F-AD4E95E1BF5D}"
EndProject
Project("{FAE04EC0-301F-11D3-BF4B-00C04F79EFBC}") = "MyApp.UtilityServices", "MyApp.UtilityServices\MyApp.UtilityServices.csproj", "{8D7FB0E8-0A3E-442C-94C5-4791E1D1D9FB}"
EndProject
Project("{FAE04EC0-301F-11D3-BF4B-00C04F79EFBC}") = "MyApp.Contracts", "MyApp.Contracts\MyApp.Contracts.csproj", "{D24AE0F6-2FD5-450A-ADFD-53FBAF4699AB}"
EndProject
Global
	GlobalSection(SolutionConfigurationPlatforms) = preSolution
		Debug|Any CPU = Debug|Any CPU
		Release|Any CPU = Release|Any CPU
	EndGlobalSection
	GlobalSection(ProjectConfigurationPlatforms) = postSolution
		{1205863A-B804-4304-97A9-AD35F18DEA7C}.Debug|Any CPU.ActiveCfg = Debug|Any CPU
		{1205863A-B804-4304-97A9-AD35F18DEA7C}.Debug|Any CPU.Build.0 = Debug|Any CPU
		{1205863A-B804-4304-97A9-AD35F18DEA7C}.Release|Any CPU.ActiveCfg = Release|Any CPU
		{1205863A-B804-4304-97A9-AD35F18DEA7C}.Release|Any CPU.Build.0 = Release|Any CPU
		{4CD4D673-FF7D-4AC2-BD4A-841C009EA83D}.Debug|Any CPU.ActiveCfg = Debug|Any CPU
		{4CD4D673-FF7D-4AC2-BD4A-841C009EA83D}.Debug|Any CPU.Build.0 = Debug|Any CPU
		{4CD4D673-FF7D-4AC2-BD4A-841C009EA83D}.Release|Any CPU.ActiveCfg = Release|Any CPU
		{4CD4D673-FF7D-4AC2-BD4A-841C009EA83D}.Release|Any CPU.Build.0 = Release|Any CPU
		{0E3B95F3-6F56-4755-A25A-47FB33E8F630}.Debug|Any CPU.ActiveCfg = Debug|Any CPU
		{0E3B95F3-6F56-4755-A25A-47FB33E8F630}.Debug|Any CPU.Build.0 = Debug|Any CPU
		{0E3B95F3-6F56-4755-A25A-47FB33E8F630}.Release|Any CPU.ActiveCfg = Release|Any CPU
		{0E3B95F3-6F56-4755-A25A-47FB33E8F630}.Release|Any CPU.Build.0 = Release|Any CPU
		{39647554-226B-4719-AE84-838E54E7382B}.Debug|Any CPU.ActiveCfg = Debug|Any CPU
		{39647554-226B-4719-AE84-838E54E7382B}.Debug|Any CPU.Build.0 = Debug|Any CPU
		{39647554-226B-4719-AE84-838E54E7382B}.Release|Any CPU.ActiveCfg = Release|Any CPU
		{39647554-226B-4719-AE84-838E54E7382B}.Release|Any CPU.Build.0 = Release|Any CPU
		{45C7D170-E85F-47DE-A2A6-7AA9AC9B5947}.Debug|Any CPU.ActiveCfg = Debug|Any CPU
		{45C7D170-E85F-47DE-A2A6-7AA9AC9B5947}.Debug|Any CPU.Build.0 = Debug|Any CPU
		{45C7D170-E85F-47DE-A2A6-7AA9AC9B5947}.Release|Any CPU.ActiveCfg = Release|Any CPU
		{45C7D170-E85F-47DE-A2A6-7AA9AC9B5947}.Release|Any CPU.Build.0 = Release|Any CPU
		{962A4E34-8172-4B7E-A2EA-6076FC6463AB}.Debug|Any CPU.ActiveCfg = Debug|Any CPU
		{962A4E34-8172-4B7E-A2EA-6076FC6463AB}.Debug|Any CPU.Build.0 = Debug|Any CPU
		{962A4E34-8172-4B7E-A2EA-6076FC6463AB}.Release|Any CPU.ActiveCfg = Release|Any CPU
		{962A4E34-8172-4B7E-A2EA-6076FC6463AB}.Release|Any CPU.Build.0 = Release|Any CPU
		{3000570D-3B9B-4C71-A73F-AD4E95E1BF5D}.Debug|Any CPU.ActiveCfg = Debug|Any CPU
		{3000570D-3B9B-4C71-A73F-AD4E95E1BF5D}.Debug|Any CPU.Build.0 = Debug|Any CPU
		{3000570D-3B9B-4C71-A73F-AD4E95E1BF5D}.Release|Any CPU.ActiveCfg = Release|Any CPU
		{3000570D-3B9B-4C71-A73F-AD4E95E1BF5D}.Release|Any CPU.Build.0 = Release|Any CPU
		{8D7FB0E8-0A3E-442C-94C5-4791E1D1D9FB}.Debug|Any CPU.ActiveCfg = Debug|Any CPU
		{8D7FB0E8-0A3E-442C-94C5-4791E1D1D9FB}.Debug|Any CPU.Build.0 = Debug|Any CPU
		{8D7FB0E8-0A3E-442C-94C5-4791E1D1D9FB}.Release|Any CPU.ActiveCfg = Release|Any CPU
		{8D7FB0E8-0A3E-442C-94C5-4791E1D1D9FB}.Release|Any CPU.Build.0 = Release|Any CPU
		{D24AE0F6-2FD5-450A-ADFD-53FBAF4699AB}.Debug|Any CPU.ActiveCfg = Debug|Any CPU
		{D24AE0F6-2FD5-450A-ADFD-53FBAF4699AB}.Debug|Any CPU.Build.0 = Debug|Any CPU
		{D24AE0F6-2FD5-450A-ADFD-53FBAF4699AB}.Release|Any CPU.ActiveCfg = Release|Any CPU
		{D24AE0F6-2FD5-450A-ADFD-53FBAF4699AB}.Release|Any CPU.Build.0 = Release|Any CPU
	EndGlobalSection
	GlobalSection(NestedProjects) = preSolution
		{4CD4D673-FF7D-4AC2-BD4A-841C009EA83D} = {4BCF0A1A-98E4-4AD6-B033-483CEAC8AB8D}
		{1205863A-B804-4304-97A9-AD35F18DEA7C} = {6FC9D2FB-6B21-4D55-8F09-93AB6B6C75FA}
		{0E3B95F3-6F56-4755-A25A-47FB33E8F630} = {8FC94FB1-4F53-4474-B12E-32D206AC94E4}
		{39647554-226B-4719-AE84-838E54E7382B} = {8FC94FB1-4F53-4474-B12E-32D206AC94E4}
		{45C7D170-E85F-47DE-A2A6-7AA9AC9B5947} = {30EBF0A7-4E88-47A3-98BB-0D8235CEE60D}
		{962A4E34-8172-4B7E-A2EA-6076FC6463AB} = {30EBF0A7-4E88-47A3-98BB-0D8235CEE60D}
		{3000570D-3B9B-4C71-A73F-AD4E95E1BF5D} = {30EBF0A7-4E88-47A3-98BB-0D8235CEE60D}
		{8D7FB0E8-0A3E-442C-94C5-4791E1D1D9FB} = {30EBF0A7-4E88-47A3-98BB-0D8235CEE60D}
		{D24AE0F6-2FD5-450A-ADFD-53FBAF4699AB} = {30EBF0A7-4E88-47A3-98BB-0D8235CEE60D}
	EndGlobalSection
EndGlobal
